// !$*UTF8*$!
{
	archiveVersion = 1;
	classes = {
	};
	objectVersion = 50;
	objects = {

/* Begin PBXBuildFile section */
		7A14C6902632422D000EFC9A /* A4-DataModel.xcdatamodeld in Sources */ = {isa = PBXBuildFile; fileRef = 7A14C68E2632422D000EFC9A /* A4-DataModel.xcdatamodeld */; };
		7A3C435B2670DDFA009BEF35 /* User+CoreDataClass.swift in Sources */ = {isa = PBXBuildFile; fileRef = 7A3C43512670DDFA009BEF35 /* User+CoreDataClass.swift */; };
		7A3C435C2670DDFA009BEF35 /* User+CoreDataProperties.swift in Sources */ = {isa = PBXBuildFile; fileRef = 7A3C43522670DDFA009BEF35 /* User+CoreDataProperties.swift */; };
		7A3C435D2670DDFA009BEF35 /* Coordinate+CoreDataClass.swift in Sources */ = {isa = PBXBuildFile; fileRef = 7A3C43532670DDFA009BEF35 /* Coordinate+CoreDataClass.swift */; };
		7A3C435E2670DDFA009BEF35 /* Coordinate+CoreDataProperties.swift in Sources */ = {isa = PBXBuildFile; fileRef = 7A3C43542670DDFA009BEF35 /* Coordinate+CoreDataProperties.swift */; };
		7A3C435F2670DDFA009BEF35 /* Route+CoreDataClass.swift in Sources */ = {isa = PBXBuildFile; fileRef = 7A3C43552670DDFA009BEF35 /* Route+CoreDataClass.swift */; };
		7A3C43602670DDFA009BEF35 /* Route+CoreDataProperties.swift in Sources */ = {isa = PBXBuildFile; fileRef = 7A3C43562670DDFA009BEF35 /* Route+CoreDataProperties.swift */; };
		7A3C43612670DDFA009BEF35 /* SavedRoute+CoreDataClass.swift in Sources */ = {isa = PBXBuildFile; fileRef = 7A3C43572670DDFA009BEF35 /* SavedRoute+CoreDataClass.swift */; };
		7A3C43622670DDFA009BEF35 /* SavedRoute+CoreDataProperties.swift in Sources */ = {isa = PBXBuildFile; fileRef = 7A3C43582670DDFA009BEF35 /* SavedRoute+CoreDataProperties.swift */; };
		7A3C43632670DDFA009BEF35 /* WalkStats+CoreDataClass.swift in Sources */ = {isa = PBXBuildFile; fileRef = 7A3C43592670DDFA009BEF35 /* WalkStats+CoreDataClass.swift */; };
		7A3C43642670DDFA009BEF35 /* WalkStats+CoreDataProperties.swift in Sources */ = {isa = PBXBuildFile; fileRef = 7A3C435A2670DDFA009BEF35 /* WalkStats+CoreDataProperties.swift */; };
		7A6D9C56263B814F009A3320 /* SettingsTableViewController.swift in Sources */ = {isa = PBXBuildFile; fileRef = 7A6D9C55263B814F009A3320 /* SettingsTableViewController.swift */; };
		7A6D9C64263B970F009A3320 /* EditProfileViewController.swift in Sources */ = {isa = PBXBuildFile; fileRef = 7A6D9C63263B970F009A3320 /* EditProfileViewController.swift */; };
		7A6D9C7B263BCCBA009A3320 /* MulticastDelegate.swift in Sources */ = {isa = PBXBuildFile; fileRef = 7A6D9C7A263BCCBA009A3320 /* MulticastDelegate.swift */; };
		7A6D9C80263BCD15009A3320 /* DatabaseProtocol.swift in Sources */ = {isa = PBXBuildFile; fileRef = 7A6D9C7F263BCD15009A3320 /* DatabaseProtocol.swift */; };
		7A6D9C96263BD0EA009A3320 /* CoreDataController.swift in Sources */ = {isa = PBXBuildFile; fileRef = 7A6D9C95263BD0EA009A3320 /* CoreDataController.swift */; };
		7A6D9CAB263BD55F009A3320 /* ProfileViewController.swift in Sources */ = {isa = PBXBuildFile; fileRef = 7A6D9CAA263BD55F009A3320 /* ProfileViewController.swift */; };
		7A6D9CC0263BDACB009A3320 /* SavedRoutesTableViewController.swift in Sources */ = {isa = PBXBuildFile; fileRef = 7A6D9CBF263BDACB009A3320 /* SavedRoutesTableViewController.swift */; };
		7A8E7A2926418B6800EA3CAA /* ProfileChangeDelegate.swift in Sources */ = {isa = PBXBuildFile; fileRef = 7A8E7A2826418B6800EA3CAA /* ProfileChangeDelegate.swift */; };
		7AB7B5462642B1FC00E270E5 /* UserOnboardingViewController.swift in Sources */ = {isa = PBXBuildFile; fileRef = 7AB7B5452642B1FC00E270E5 /* UserOnboardingViewController.swift */; };
		7ADB4E342644D505007A3EEE /* EditDailyGoalsViewController.swift in Sources */ = {isa = PBXBuildFile; fileRef = 7ADB4E332644D505007A3EEE /* EditDailyGoalsViewController.swift */; };
		7ADB4E372644DB8E007A3EEE /* AddRouteViewController.swift in Sources */ = {isa = PBXBuildFile; fileRef = 7ADB4E362644DB8E007A3EEE /* AddRouteViewController.swift */; };
		7ADB4E4C26450939007A3EEE /* SelectStartingPointViewController.swift in Sources */ = {isa = PBXBuildFile; fileRef = 7ADB4E4B26450939007A3EEE /* SelectStartingPointViewController.swift */; };
		7ADB4E5126451AD5007A3EEE /* WeeklyStatsView.swift in Sources */ = {isa = PBXBuildFile; fileRef = 7ADB4E5026451AD5007A3EEE /* WeeklyStatsView.swift */; };
		7ADB4E5426451F1A007A3EEE /* WeeklyStatsViewModel.swift in Sources */ = {isa = PBXBuildFile; fileRef = 7ADB4E5326451F1A007A3EEE /* WeeklyStatsViewModel.swift */; };
		7ADB4E5C264B9DEF007A3EEE /* LocationSearchTableViewController.swift in Sources */ = {isa = PBXBuildFile; fileRef = 7ADB4E5B264B9DEF007A3EEE /* LocationSearchTableViewController.swift */; };
		7ADB4E8726573A18007A3EEE /* SavedRouteDetailViewController.swift in Sources */ = {isa = PBXBuildFile; fileRef = 7ADB4E8626573A18007A3EEE /* SavedRouteDetailViewController.swift */; };
		7ADB4E8B26573A9F007A3EEE /* RouteDetailViewController.swift in Sources */ = {isa = PBXBuildFile; fileRef = 7ADB4E8A26573A9F007A3EEE /* RouteDetailViewController.swift */; };
		7ADB4E932657884C007A3EEE /* StartRouteViewController.swift in Sources */ = {isa = PBXBuildFile; fileRef = 7ADB4E922657884C007A3EEE /* StartRouteViewController.swift */; };
		7ADB4E9626579414007A3EEE /* FirstStartRouteViewController.swift in Sources */ = {isa = PBXBuildFile; fileRef = 7ADB4E9526579414007A3EEE /* FirstStartRouteViewController.swift */; };
		7ADB4E9C265A2345007A3EEE /* ExploreTableViewController.swift in Sources */ = {isa = PBXBuildFile; fileRef = 7ADB4E9B265A2345007A3EEE /* ExploreTableViewController.swift */; };
		7ADB4E9F265A2917007A3EEE /* ExploreTableViewCell.swift in Sources */ = {isa = PBXBuildFile; fileRef = 7ADB4E9E265A2917007A3EEE /* ExploreTableViewCell.swift */; };
		7ADB4EAC265A562F007A3EEE /* LocationData.swift in Sources */ = {isa = PBXBuildFile; fileRef = 7ADB4EAB265A562F007A3EEE /* LocationData.swift */; };
		7ADB4EAF265B674B007A3EEE /* SecondStartRouteViewController.swift in Sources */ = {isa = PBXBuildFile; fileRef = 7ADB4EAE265B674B007A3EEE /* SecondStartRouteViewController.swift */; };
		7ADB4EB2265B6AC5007A3EEE /* SwitchViewDelegate.swift in Sources */ = {isa = PBXBuildFile; fileRef = 7ADB4EB1265B6AC5007A3EEE /* SwitchViewDelegate.swift */; };
		7ADB4EB52668E787007A3EEE /* AboutTableViewController.swift in Sources */ = {isa = PBXBuildFile; fileRef = 7ADB4EB42668E786007A3EEE /* AboutTableViewController.swift */; };
		7ADF7987263055F1009468B9 /* AppDelegate.swift in Sources */ = {isa = PBXBuildFile; fileRef = 7ADF7986263055F1009468B9 /* AppDelegate.swift */; };
		7ADF7989263055F1009468B9 /* SceneDelegate.swift in Sources */ = {isa = PBXBuildFile; fileRef = 7ADF7988263055F1009468B9 /* SceneDelegate.swift */; };
		7ADF798E263055F1009468B9 /* Main.storyboard in Resources */ = {isa = PBXBuildFile; fileRef = 7ADF798C263055F1009468B9 /* Main.storyboard */; };
		7ADF7991263055F1009468B9 /* PATRICIAAMANDA_A4_FinalApplication.xcdatamodeld in Sources */ = {isa = PBXBuildFile; fileRef = 7ADF798F263055F1009468B9 /* PATRICIAAMANDA_A4_FinalApplication.xcdatamodeld */; };
		7ADF7993263055F2009468B9 /* Assets.xcassets in Resources */ = {isa = PBXBuildFile; fileRef = 7ADF7992263055F2009468B9 /* Assets.xcassets */; };
		7ADF799F26313107009468B9 /* HomeMapViewController.swift in Sources */ = {isa = PBXBuildFile; fileRef = 7ADF799E26313107009468B9 /* HomeMapViewController.swift */; };
		7ADF79A326313395009468B9 /* MyRoutesTableViewController.swift in Sources */ = {isa = PBXBuildFile; fileRef = 7ADF79A226313395009468B9 /* MyRoutesTableViewController.swift */; };
/* End PBXBuildFile section */

/* Begin PBXFileReference section */
		7A14C68F2632422D000EFC9A /* A4-DataModel.xcdatamodel */ = {isa = PBXFileReference; lastKnownFileType = wrapper.xcdatamodel; path = "A4-DataModel.xcdatamodel"; sourceTree = "<group>"; };
		7A3C43512670DDFA009BEF35 /* User+CoreDataClass.swift */ = {isa = PBXFileReference; lastKnownFileType = sourcecode.swift; path = "User+CoreDataClass.swift"; sourceTree = SOURCE_ROOT; };
		7A3C43522670DDFA009BEF35 /* User+CoreDataProperties.swift */ = {isa = PBXFileReference; lastKnownFileType = sourcecode.swift; path = "User+CoreDataProperties.swift"; sourceTree = SOURCE_ROOT; };
		7A3C43532670DDFA009BEF35 /* Coordinate+CoreDataClass.swift */ = {isa = PBXFileReference; lastKnownFileType = sourcecode.swift; path = "Coordinate+CoreDataClass.swift"; sourceTree = SOURCE_ROOT; };
		7A3C43542670DDFA009BEF35 /* Coordinate+CoreDataProperties.swift */ = {isa = PBXFileReference; lastKnownFileType = sourcecode.swift; path = "Coordinate+CoreDataProperties.swift"; sourceTree = SOURCE_ROOT; };
		7A3C43552670DDFA009BEF35 /* Route+CoreDataClass.swift */ = {isa = PBXFileReference; lastKnownFileType = sourcecode.swift; path = "Route+CoreDataClass.swift"; sourceTree = SOURCE_ROOT; };
		7A3C43562670DDFA009BEF35 /* Route+CoreDataProperties.swift */ = {isa = PBXFileReference; lastKnownFileType = sourcecode.swift; path = "Route+CoreDataProperties.swift"; sourceTree = SOURCE_ROOT; };
		7A3C43572670DDFA009BEF35 /* SavedRoute+CoreDataClass.swift */ = {isa = PBXFileReference; lastKnownFileType = sourcecode.swift; path = "SavedRoute+CoreDataClass.swift"; sourceTree = SOURCE_ROOT; };
		7A3C43582670DDFA009BEF35 /* SavedRoute+CoreDataProperties.swift */ = {isa = PBXFileReference; lastKnownFileType = sourcecode.swift; path = "SavedRoute+CoreDataProperties.swift"; sourceTree = SOURCE_ROOT; };
		7A3C43592670DDFA009BEF35 /* WalkStats+CoreDataClass.swift */ = {isa = PBXFileReference; lastKnownFileType = sourcecode.swift; path = "WalkStats+CoreDataClass.swift"; sourceTree = SOURCE_ROOT; };
		7A3C435A2670DDFA009BEF35 /* WalkStats+CoreDataProperties.swift */ = {isa = PBXFileReference; lastKnownFileType = sourcecode.swift; path = "WalkStats+CoreDataProperties.swift"; sourceTree = SOURCE_ROOT; };
		7A6D9C55263B814F009A3320 /* SettingsTableViewController.swift */ = {isa = PBXFileReference; lastKnownFileType = sourcecode.swift; path = SettingsTableViewController.swift; sourceTree = "<group>"; };
		7A6D9C63263B970F009A3320 /* EditProfileViewController.swift */ = {isa = PBXFileReference; lastKnownFileType = sourcecode.swift; path = EditProfileViewController.swift; sourceTree = "<group>"; };
		7A6D9C7A263BCCBA009A3320 /* MulticastDelegate.swift */ = {isa = PBXFileReference; fileEncoding = 4; lastKnownFileType = sourcecode.swift; path = MulticastDelegate.swift; sourceTree = "<group>"; };
		7A6D9C7F263BCD15009A3320 /* DatabaseProtocol.swift */ = {isa = PBXFileReference; lastKnownFileType = sourcecode.swift; path = DatabaseProtocol.swift; sourceTree = "<group>"; };
		7A6D9C95263BD0EA009A3320 /* CoreDataController.swift */ = {isa = PBXFileReference; lastKnownFileType = sourcecode.swift; path = CoreDataController.swift; sourceTree = "<group>"; };
		7A6D9CAA263BD55F009A3320 /* ProfileViewController.swift */ = {isa = PBXFileReference; lastKnownFileType = sourcecode.swift; path = ProfileViewController.swift; sourceTree = "<group>"; };
		7A6D9CBF263BDACB009A3320 /* SavedRoutesTableViewController.swift */ = {isa = PBXFileReference; lastKnownFileType = sourcecode.swift; path = SavedRoutesTableViewController.swift; sourceTree = "<group>"; };
		7A8E7A2826418B6800EA3CAA /* ProfileChangeDelegate.swift */ = {isa = PBXFileReference; lastKnownFileType = sourcecode.swift; path = ProfileChangeDelegate.swift; sourceTree = "<group>"; };
		7AB7B5452642B1FC00E270E5 /* UserOnboardingViewController.swift */ = {isa = PBXFileReference; lastKnownFileType = sourcecode.swift; path = UserOnboardingViewController.swift; sourceTree = "<group>"; };
		7ADB4E332644D505007A3EEE /* EditDailyGoalsViewController.swift */ = {isa = PBXFileReference; lastKnownFileType = sourcecode.swift; path = EditDailyGoalsViewController.swift; sourceTree = "<group>"; };
		7ADB4E362644DB8E007A3EEE /* AddRouteViewController.swift */ = {isa = PBXFileReference; lastKnownFileType = sourcecode.swift; path = AddRouteViewController.swift; sourceTree = "<group>"; };
		7ADB4E4B26450939007A3EEE /* SelectStartingPointViewController.swift */ = {isa = PBXFileReference; lastKnownFileType = sourcecode.swift; path = SelectStartingPointViewController.swift; sourceTree = "<group>"; };
		7ADB4E5026451AD5007A3EEE /* WeeklyStatsView.swift */ = {isa = PBXFileReference; lastKnownFileType = sourcecode.swift; path = WeeklyStatsView.swift; sourceTree = "<group>"; };
		7ADB4E5326451F1A007A3EEE /* WeeklyStatsViewModel.swift */ = {isa = PBXFileReference; lastKnownFileType = sourcecode.swift; path = WeeklyStatsViewModel.swift; sourceTree = "<group>"; };
		7ADB4E5B264B9DEF007A3EEE /* LocationSearchTableViewController.swift */ = {isa = PBXFileReference; lastKnownFileType = sourcecode.swift; path = LocationSearchTableViewController.swift; sourceTree = "<group>"; };
		7ADB4E8626573A18007A3EEE /* SavedRouteDetailViewController.swift */ = {isa = PBXFileReference; lastKnownFileType = sourcecode.swift; path = SavedRouteDetailViewController.swift; sourceTree = "<group>"; };
		7ADB4E8A26573A9F007A3EEE /* RouteDetailViewController.swift */ = {isa = PBXFileReference; lastKnownFileType = sourcecode.swift; path = RouteDetailViewController.swift; sourceTree = "<group>"; };
		7ADB4E922657884C007A3EEE /* StartRouteViewController.swift */ = {isa = PBXFileReference; lastKnownFileType = sourcecode.swift; path = StartRouteViewController.swift; sourceTree = "<group>"; };
		7ADB4E9526579414007A3EEE /* FirstStartRouteViewController.swift */ = {isa = PBXFileReference; lastKnownFileType = sourcecode.swift; path = FirstStartRouteViewController.swift; sourceTree = "<group>"; };
		7ADB4E9B265A2345007A3EEE /* ExploreTableViewController.swift */ = {isa = PBXFileReference; lastKnownFileType = sourcecode.swift; path = ExploreTableViewController.swift; sourceTree = "<group>"; };
		7ADB4E9E265A2917007A3EEE /* ExploreTableViewCell.swift */ = {isa = PBXFileReference; lastKnownFileType = sourcecode.swift; path = ExploreTableViewCell.swift; sourceTree = "<group>"; };
		7ADB4EAB265A562F007A3EEE /* LocationData.swift */ = {isa = PBXFileReference; lastKnownFileType = sourcecode.swift; path = LocationData.swift; sourceTree = "<group>"; };
		7ADB4EAE265B674B007A3EEE /* SecondStartRouteViewController.swift */ = {isa = PBXFileReference; lastKnownFileType = sourcecode.swift; path = SecondStartRouteViewController.swift; sourceTree = "<group>"; };
		7ADB4EB1265B6AC5007A3EEE /* SwitchViewDelegate.swift */ = {isa = PBXFileReference; lastKnownFileType = sourcecode.swift; path = SwitchViewDelegate.swift; sourceTree = "<group>"; };
		7ADB4EB42668E786007A3EEE /* AboutTableViewController.swift */ = {isa = PBXFileReference; lastKnownFileType = sourcecode.swift; path = AboutTableViewController.swift; sourceTree = "<group>"; };
		7ADF7983263055F1009468B9 /* PATRICIAAMANDA-A4-FinalApplication.app */ = {isa = PBXFileReference; explicitFileType = wrapper.application; includeInIndex = 0; path = "PATRICIAAMANDA-A4-FinalApplication.app"; sourceTree = BUILT_PRODUCTS_DIR; };
		7ADF7986263055F1009468B9 /* AppDelegate.swift */ = {isa = PBXFileReference; lastKnownFileType = sourcecode.swift; path = AppDelegate.swift; sourceTree = "<group>"; };
		7ADF7988263055F1009468B9 /* SceneDelegate.swift */ = {isa = PBXFileReference; lastKnownFileType = sourcecode.swift; path = SceneDelegate.swift; sourceTree = "<group>"; };
		7ADF798D263055F1009468B9 /* Base */ = {isa = PBXFileReference; lastKnownFileType = file.storyboard; name = Base; path = Base.lproj/Main.storyboard; sourceTree = "<group>"; };
		7ADF7990263055F1009468B9 /* PATRICIAAMANDA_A4_FinalApplication.xcdatamodel */ = {isa = PBXFileReference; lastKnownFileType = wrapper.xcdatamodel; path = PATRICIAAMANDA_A4_FinalApplication.xcdatamodel; sourceTree = "<group>"; };
		7ADF7992263055F2009468B9 /* Assets.xcassets */ = {isa = PBXFileReference; lastKnownFileType = folder.assetcatalog; path = Assets.xcassets; sourceTree = "<group>"; };
		7ADF7997263055F2009468B9 /* Info.plist */ = {isa = PBXFileReference; lastKnownFileType = text.plist.xml; path = Info.plist; sourceTree = "<group>"; };
		7ADF799E26313107009468B9 /* HomeMapViewController.swift */ = {isa = PBXFileReference; lastKnownFileType = sourcecode.swift; path = HomeMapViewController.swift; sourceTree = "<group>"; };
		7ADF79A226313395009468B9 /* MyRoutesTableViewController.swift */ = {isa = PBXFileReference; lastKnownFileType = sourcecode.swift; path = MyRoutesTableViewController.swift; sourceTree = "<group>"; };
/* End PBXFileReference section */

/* Begin PBXFrameworksBuildPhase section */
		7ADF7980263055F1009468B9 /* Frameworks */ = {
			isa = PBXFrameworksBuildPhase;
			buildActionMask = 2147483647;
			files = (
			);
			runOnlyForDeploymentPostprocessing = 0;
		};
/* End PBXFrameworksBuildPhase section */

/* Begin PBXGroup section */
		7A14C68D2632420D000EFC9A /* DataModel */ = {
			isa = PBXGroup;
			children = (
				7A3C43512670DDFA009BEF35 /* User+CoreDataClass.swift */,
				7A3C43522670DDFA009BEF35 /* User+CoreDataProperties.swift */,
				7A3C43532670DDFA009BEF35 /* Coordinate+CoreDataClass.swift */,
				7A3C43542670DDFA009BEF35 /* Coordinate+CoreDataProperties.swift */,
				7A3C43552670DDFA009BEF35 /* Route+CoreDataClass.swift */,
				7A3C43562670DDFA009BEF35 /* Route+CoreDataProperties.swift */,
				7A3C43572670DDFA009BEF35 /* SavedRoute+CoreDataClass.swift */,
				7A3C43582670DDFA009BEF35 /* SavedRoute+CoreDataProperties.swift */,
				7A3C43592670DDFA009BEF35 /* WalkStats+CoreDataClass.swift */,
				7A3C435A2670DDFA009BEF35 /* WalkStats+CoreDataProperties.swift */,
				7A14C68E2632422D000EFC9A /* A4-DataModel.xcdatamodeld */,
			);
			path = DataModel;
			sourceTree = "<group>";
		};
		7A6D9C53263B80F3009A3320 /* Map */ = {
			isa = PBXGroup;
			children = (
				7ADF799E26313107009468B9 /* HomeMapViewController.swift */,
				7ADF79A226313395009468B9 /* MyRoutesTableViewController.swift */,
				7ADB4E362644DB8E007A3EEE /* AddRouteViewController.swift */,
				7ADB4E4B26450939007A3EEE /* SelectStartingPointViewController.swift */,
				7ADB4E5B264B9DEF007A3EEE /* LocationSearchTableViewController.swift */,
				7ADB4E8A26573A9F007A3EEE /* RouteDetailViewController.swift */,
				7ADB4E922657884C007A3EEE /* StartRouteViewController.swift */,
				7ADB4E9526579414007A3EEE /* FirstStartRouteViewController.swift */,
				7ADB4EAE265B674B007A3EEE /* SecondStartRouteViewController.swift */,
				7ADB4EB1265B6AC5007A3EEE /* SwitchViewDelegate.swift */,
			);
			path = Map;
			sourceTree = "<group>";
		};
		7A6D9C54263B812D009A3320 /* Settings */ = {
			isa = PBXGroup;
			children = (
				7A6D9C55263B814F009A3320 /* SettingsTableViewController.swift */,
				7A6D9C63263B970F009A3320 /* EditProfileViewController.swift */,
				7A8E7A2826418B6800EA3CAA /* ProfileChangeDelegate.swift */,
				7ADB4E332644D505007A3EEE /* EditDailyGoalsViewController.swift */,
				7ADB4EB42668E786007A3EEE /* AboutTableViewController.swift */,
			);
			path = Settings;
			sourceTree = "<group>";
		};
		7A6D9C66263BC562009A3320 /* Explore */ = {
			isa = PBXGroup;
			children = (
				7ADB4E9B265A2345007A3EEE /* ExploreTableViewController.swift */,
				7ADB4E9E265A2917007A3EEE /* ExploreTableViewCell.swift */,
				7ADB4EAB265A562F007A3EEE /* LocationData.swift */,
			);
			path = Explore;
			sourceTree = "<group>";
		};
		7A6D9C67263BC56B009A3320 /* Profile */ = {
			isa = PBXGroup;
			children = (
				7A6D9CAA263BD55F009A3320 /* ProfileViewController.swift */,
				7A6D9CBF263BDACB009A3320 /* SavedRoutesTableViewController.swift */,
				7ADB4E5026451AD5007A3EEE /* WeeklyStatsView.swift */,
				7ADB4E5326451F1A007A3EEE /* WeeklyStatsViewModel.swift */,
				7ADB4E8626573A18007A3EEE /* SavedRouteDetailViewController.swift */,
			);
			path = Profile;
			sourceTree = "<group>";
		};
		7A6D9C7D263BCCED009A3320 /* Database */ = {
			isa = PBXGroup;
			children = (
				7A6D9C7A263BCCBA009A3320 /* MulticastDelegate.swift */,
				7A6D9C7F263BCD15009A3320 /* DatabaseProtocol.swift */,
				7A6D9C95263BD0EA009A3320 /* CoreDataController.swift */,
			);
			path = Database;
			sourceTree = "<group>";
		};
		7A6D9C7E263BCCF6009A3320 /* Core Data */ = {
			isa = PBXGroup;
			children = (
				7A14C68D2632420D000EFC9A /* DataModel */,
				7A6D9C7D263BCCED009A3320 /* Database */,
			);
			path = "Core Data";
			sourceTree = "<group>";
		};
		7A6D9CC6263BEA0E009A3320 /* Onboarding */ = {
			isa = PBXGroup;
			children = (
				7AB7B5452642B1FC00E270E5 /* UserOnboardingViewController.swift */,
			);
			path = Onboarding;
			sourceTree = "<group>";
		};
		7ADF797A263055F1009468B9 = {
			isa = PBXGroup;
			children = (
				7ADF7985263055F1009468B9 /* PATRICIAAMANDA-A4-FinalApplication */,
				7ADF7984263055F1009468B9 /* Products */,
			);
			sourceTree = "<group>";
		};
		7ADF7984263055F1009468B9 /* Products */ = {
			isa = PBXGroup;
			children = (
				7ADF7983263055F1009468B9 /* PATRICIAAMANDA-A4-FinalApplication.app */,
			);
			name = Products;
			sourceTree = "<group>";
		};
		7ADF7985263055F1009468B9 /* PATRICIAAMANDA-A4-FinalApplication */ = {
			isa = PBXGroup;
			children = (
				7A6D9CC6263BEA0E009A3320 /* Onboarding */,
				7A6D9C7E263BCCF6009A3320 /* Core Data */,
				7A6D9C67263BC56B009A3320 /* Profile */,
				7A6D9C66263BC562009A3320 /* Explore */,
				7A6D9C54263B812D009A3320 /* Settings */,
				7A6D9C53263B80F3009A3320 /* Map */,
				7ADF7986263055F1009468B9 /* AppDelegate.swift */,
				7ADF7988263055F1009468B9 /* SceneDelegate.swift */,
				7ADF798C263055F1009468B9 /* Main.storyboard */,
				7ADF7992263055F2009468B9 /* Assets.xcassets */,
				7ADF7997263055F2009468B9 /* Info.plist */,
				7ADF798F263055F1009468B9 /* PATRICIAAMANDA_A4_FinalApplication.xcdatamodeld */,
			);
			path = "PATRICIAAMANDA-A4-FinalApplication";
			sourceTree = "<group>";
		};
/* End PBXGroup section */

/* Begin PBXNativeTarget section */
		7ADF7982263055F1009468B9 /* PATRICIAAMANDA-A4-FinalApplication */ = {
			isa = PBXNativeTarget;
			buildConfigurationList = 7ADF799A263055F2009468B9 /* Build configuration list for PBXNativeTarget "PATRICIAAMANDA-A4-FinalApplication" */;
			buildPhases = (
				7ADF797F263055F1009468B9 /* Sources */,
				7ADF7980263055F1009468B9 /* Frameworks */,
				7ADF7981263055F1009468B9 /* Resources */,
			);
			buildRules = (
			);
			dependencies = (
			);
			name = "PATRICIAAMANDA-A4-FinalApplication";
			productName = "PATRICIAAMANDA-A4-FinalApplication";
			productReference = 7ADF7983263055F1009468B9 /* PATRICIAAMANDA-A4-FinalApplication.app */;
			productType = "com.apple.product-type.application";
		};
/* End PBXNativeTarget section */

/* Begin PBXProject section */
		7ADF797B263055F1009468B9 /* Project object */ = {
			isa = PBXProject;
			attributes = {
				LastSwiftUpdateCheck = 1240;
				LastUpgradeCheck = 1240;
				TargetAttributes = {
					7ADF7982263055F1009468B9 = {
						CreatedOnToolsVersion = 12.4;
					};
				};
			};
			buildConfigurationList = 7ADF797E263055F1009468B9 /* Build configuration list for PBXProject "PATRICIAAMANDA-A4-FinalApplication" */;
			compatibilityVersion = "Xcode 9.3";
			developmentRegion = en;
			hasScannedForEncodings = 0;
			knownRegions = (
				en,
				Base,
			);
			mainGroup = 7ADF797A263055F1009468B9;
			productRefGroup = 7ADF7984263055F1009468B9 /* Products */;
			projectDirPath = "";
			projectRoot = "";
			targets = (
				7ADF7982263055F1009468B9 /* PATRICIAAMANDA-A4-FinalApplication */,
			);
		};
/* End PBXProject section */

/* Begin PBXResourcesBuildPhase section */
		7ADF7981263055F1009468B9 /* Resources */ = {
			isa = PBXResourcesBuildPhase;
			buildActionMask = 2147483647;
			files = (
				7ADF7993263055F2009468B9 /* Assets.xcassets in Resources */,
				7ADF798E263055F1009468B9 /* Main.storyboard in Resources */,
			);
			runOnlyForDeploymentPostprocessing = 0;
		};
/* End PBXResourcesBuildPhase section */

/* Begin PBXSourcesBuildPhase section */
		7ADF797F263055F1009468B9 /* Sources */ = {
			isa = PBXSourcesBuildPhase;
			buildActionMask = 2147483647;
			files = (
				7A3C435B2670DDFA009BEF35 /* User+CoreDataClass.swift in Sources */,
				7A8E7A2926418B6800EA3CAA /* ProfileChangeDelegate.swift in Sources */,
				7A14C6902632422D000EFC9A /* A4-DataModel.xcdatamodeld in Sources */,
				7A6D9C80263BCD15009A3320 /* DatabaseProtocol.swift in Sources */,
				7ADF7987263055F1009468B9 /* AppDelegate.swift in Sources */,
				7ADB4E5426451F1A007A3EEE /* WeeklyStatsViewModel.swift in Sources */,
				7A3C435D2670DDFA009BEF35 /* Coordinate+CoreDataClass.swift in Sources */,
				7A3C435F2670DDFA009BEF35 /* Route+CoreDataClass.swift in Sources */,
				7ADB4E342644D505007A3EEE /* EditDailyGoalsViewController.swift in Sources */,
				7AB7B5462642B1FC00E270E5 /* UserOnboardingViewController.swift in Sources */,
				7ADF7989263055F1009468B9 /* SceneDelegate.swift in Sources */,
				7A3C435C2670DDFA009BEF35 /* User+CoreDataProperties.swift in Sources */,
				7A6D9CAB263BD55F009A3320 /* ProfileViewController.swift in Sources */,
				7ADB4E9C265A2345007A3EEE /* ExploreTableViewController.swift in Sources */,
				7A6D9C56263B814F009A3320 /* SettingsTableViewController.swift in Sources */,
				7A6D9C7B263BCCBA009A3320 /* MulticastDelegate.swift in Sources */,
				7ADB4EAC265A562F007A3EEE /* LocationData.swift in Sources */,
				7ADF79A326313395009468B9 /* MyRoutesTableViewController.swift in Sources */,
				7ADB4E932657884C007A3EEE /* StartRouteViewController.swift in Sources */,
				7A3C43612670DDFA009BEF35 /* SavedRoute+CoreDataClass.swift in Sources */,
				7ADB4E5126451AD5007A3EEE /* WeeklyStatsView.swift in Sources */,
				7ADB4EB52668E787007A3EEE /* AboutTableViewController.swift in Sources */,
				7ADB4EB2265B6AC5007A3EEE /* SwitchViewDelegate.swift in Sources */,
				7ADF799F26313107009468B9 /* HomeMapViewController.swift in Sources */,
				7A3C43632670DDFA009BEF35 /* WalkStats+CoreDataClass.swift in Sources */,
				7ADB4E5C264B9DEF007A3EEE /* LocationSearchTableViewController.swift in Sources */,
				7A6D9C64263B970F009A3320 /* EditProfileViewController.swift in Sources */,
				7ADB4E9626579414007A3EEE /* FirstStartRouteViewController.swift in Sources */,
				7ADB4E9F265A2917007A3EEE /* ExploreTableViewCell.swift in Sources */,
				7A3C43602670DDFA009BEF35 /* Route+CoreDataProperties.swift in Sources */,
				7A6D9C96263BD0EA009A3320 /* CoreDataController.swift in Sources */,
				7ADB4E4C26450939007A3EEE /* SelectStartingPointViewController.swift in Sources */,
				7A3C43622670DDFA009BEF35 /* SavedRoute+CoreDataProperties.swift in Sources */,
				7A3C435E2670DDFA009BEF35 /* Coordinate+CoreDataProperties.swift in Sources */,
				7ADF7991263055F1009468B9 /* PATRICIAAMANDA_A4_FinalApplication.xcdatamodeld in Sources */,
				7ADB4E8726573A18007A3EEE /* SavedRouteDetailViewController.swift in Sources */,
				7ADB4E8B26573A9F007A3EEE /* RouteDetailViewController.swift in Sources */,
				7ADB4EAF265B674B007A3EEE /* SecondStartRouteViewController.swift in Sources */,
				7ADB4E372644DB8E007A3EEE /* AddRouteViewController.swift in Sources */,
				7A3C43642670DDFA009BEF35 /* WalkStats+CoreDataProperties.swift in Sources */,
				7A6D9CC0263BDACB009A3320 /* SavedRoutesTableViewController.swift in Sources */,
			);
			runOnlyForDeploymentPostprocessing = 0;
		};
/* End PBXSourcesBuildPhase section */

/* Begin PBXVariantGroup section */
		7ADF798C263055F1009468B9 /* Main.storyboard */ = {
			isa = PBXVariantGroup;
			children = (
				7ADF798D263055F1009468B9 /* Base */,
			);
			name = Main.storyboard;
			sourceTree = "<group>";
		};
/* End PBXVariantGroup section */

/* Begin XCBuildConfiguration section */
		7ADF7998263055F2009468B9 /* Debug */ = {
			isa = XCBuildConfiguration;
			buildSettings = {
				ALWAYS_SEARCH_USER_PATHS = NO;
				CLANG_ANALYZER_NONNULL = YES;
				CLANG_ANALYZER_NUMBER_OBJECT_CONVERSION = YES_AGGRESSIVE;
				CLANG_CXX_LANGUAGE_STANDARD = "gnu++14";
				CLANG_CXX_LIBRARY = "libc++";
				CLANG_ENABLE_MODULES = YES;
				CLANG_ENABLE_OBJC_ARC = YES;
				CLANG_ENABLE_OBJC_WEAK = YES;
				CLANG_WARN_BLOCK_CAPTURE_AUTORELEASING = YES;
				CLANG_WARN_BOOL_CONVERSION = YES;
				CLANG_WARN_COMMA = YES;
				CLANG_WARN_CONSTANT_CONVERSION = YES;
				CLANG_WARN_DEPRECATED_OBJC_IMPLEMENTATIONS = YES;
				CLANG_WARN_DIRECT_OBJC_ISA_USAGE = YES_ERROR;
				CLANG_WARN_DOCUMENTATION_COMMENTS = YES;
				CLANG_WARN_EMPTY_BODY = YES;
				CLANG_WARN_ENUM_CONVERSION = YES;
				CLANG_WARN_INFINITE_RECURSION = YES;
				CLANG_WARN_INT_CONVERSION = YES;
				CLANG_WARN_NON_LITERAL_NULL_CONVERSION = YES;
				CLANG_WARN_OBJC_IMPLICIT_RETAIN_SELF = YES;
				CLANG_WARN_OBJC_LITERAL_CONVERSION = YES;
				CLANG_WARN_OBJC_ROOT_CLASS = YES_ERROR;
				CLANG_WARN_QUOTED_INCLUDE_IN_FRAMEWORK_HEADER = YES;
				CLANG_WARN_RANGE_LOOP_ANALYSIS = YES;
				CLANG_WARN_STRICT_PROTOTYPES = YES;
				CLANG_WARN_SUSPICIOUS_MOVE = YES;
				CLANG_WARN_UNGUARDED_AVAILABILITY = YES_AGGRESSIVE;
				CLANG_WARN_UNREACHABLE_CODE = YES;
				CLANG_WARN__DUPLICATE_METHOD_MATCH = YES;
				COPY_PHASE_STRIP = NO;
				DEBUG_INFORMATION_FORMAT = dwarf;
				ENABLE_STRICT_OBJC_MSGSEND = YES;
				ENABLE_TESTABILITY = YES;
				GCC_C_LANGUAGE_STANDARD = gnu11;
				GCC_DYNAMIC_NO_PIC = NO;
				GCC_NO_COMMON_BLOCKS = YES;
				GCC_OPTIMIZATION_LEVEL = 0;
				GCC_PREPROCESSOR_DEFINITIONS = (
					"DEBUG=1",
					"$(inherited)",
				);
				GCC_WARN_64_TO_32_BIT_CONVERSION = YES;
				GCC_WARN_ABOUT_RETURN_TYPE = YES_ERROR;
				GCC_WARN_UNDECLARED_SELECTOR = YES;
				GCC_WARN_UNINITIALIZED_AUTOS = YES_AGGRESSIVE;
				GCC_WARN_UNUSED_FUNCTION = YES;
				GCC_WARN_UNUSED_VARIABLE = YES;
				IPHONEOS_DEPLOYMENT_TARGET = 14.4;
				MTL_ENABLE_DEBUG_INFO = INCLUDE_SOURCE;
				MTL_FAST_MATH = YES;
				ONLY_ACTIVE_ARCH = YES;
				SDKROOT = iphoneos;
				SWIFT_ACTIVE_COMPILATION_CONDITIONS = DEBUG;
				SWIFT_OPTIMIZATION_LEVEL = "-Onone";
			};
			name = Debug;
		};
		7ADF7999263055F2009468B9 /* Release */ = {
			isa = XCBuildConfiguration;
			buildSettings = {
				ALWAYS_SEARCH_USER_PATHS = NO;
				CLANG_ANALYZER_NONNULL = YES;
				CLANG_ANALYZER_NUMBER_OBJECT_CONVERSION = YES_AGGRESSIVE;
				CLANG_CXX_LANGUAGE_STANDARD = "gnu++14";
				CLANG_CXX_LIBRARY = "libc++";
				CLANG_ENABLE_MODULES = YES;
				CLANG_ENABLE_OBJC_ARC = YES;
				CLANG_ENABLE_OBJC_WEAK = YES;
				CLANG_WARN_BLOCK_CAPTURE_AUTORELEASING = YES;
				CLANG_WARN_BOOL_CONVERSION = YES;
				CLANG_WARN_COMMA = YES;
				CLANG_WARN_CONSTANT_CONVERSION = YES;
				CLANG_WARN_DEPRECATED_OBJC_IMPLEMENTATIONS = YES;
				CLANG_WARN_DIRECT_OBJC_ISA_USAGE = YES_ERROR;
				CLANG_WARN_DOCUMENTATION_COMMENTS = YES;
				CLANG_WARN_EMPTY_BODY = YES;
				CLANG_WARN_ENUM_CONVERSION = YES;
				CLANG_WARN_INFINITE_RECURSION = YES;
				CLANG_WARN_INT_CONVERSION = YES;
				CLANG_WARN_NON_LITERAL_NULL_CONVERSION = YES;
				CLANG_WARN_OBJC_IMPLICIT_RETAIN_SELF = YES;
				CLANG_WARN_OBJC_LITERAL_CONVERSION = YES;
				CLANG_WARN_OBJC_ROOT_CLASS = YES_ERROR;
				CLANG_WARN_QUOTED_INCLUDE_IN_FRAMEWORK_HEADER = YES;
				CLANG_WARN_RANGE_LOOP_ANALYSIS = YES;
				CLANG_WARN_STRICT_PROTOTYPES = YES;
				CLANG_WARN_SUSPICIOUS_MOVE = YES;
				CLANG_WARN_UNGUARDED_AVAILABILITY = YES_AGGRESSIVE;
				CLANG_WARN_UNREACHABLE_CODE = YES;
				CLANG_WARN__DUPLICATE_METHOD_MATCH = YES;
				COPY_PHASE_STRIP = NO;
				DEBUG_INFORMATION_FORMAT = "dwarf-with-dsym";
				ENABLE_NS_ASSERTIONS = NO;
				ENABLE_STRICT_OBJC_MSGSEND = YES;
				GCC_C_LANGUAGE_STANDARD = gnu11;
				GCC_NO_COMMON_BLOCKS = YES;
				GCC_WARN_64_TO_32_BIT_CONVERSION = YES;
				GCC_WARN_ABOUT_RETURN_TYPE = YES_ERROR;
				GCC_WARN_UNDECLARED_SELECTOR = YES;
				GCC_WARN_UNINITIALIZED_AUTOS = YES_AGGRESSIVE;
				GCC_WARN_UNUSED_FUNCTION = YES;
				GCC_WARN_UNUSED_VARIABLE = YES;
				IPHONEOS_DEPLOYMENT_TARGET = 14.4;
				MTL_ENABLE_DEBUG_INFO = NO;
				MTL_FAST_MATH = YES;
				SDKROOT = iphoneos;
				SWIFT_COMPILATION_MODE = wholemodule;
				SWIFT_OPTIMIZATION_LEVEL = "-O";
				VALIDATE_PRODUCT = YES;
			};
			name = Release;
		};
		7ADF799B263055F2009468B9 /* Debug */ = {
			isa = XCBuildConfiguration;
			buildSettings = {
				ASSETCATALOG_COMPILER_APPICON_NAME = AppIcon;
				ASSETCATALOG_COMPILER_GLOBAL_ACCENT_COLOR_NAME = AccentColor;
				CODE_SIGN_STYLE = Automatic;
				DEVELOPMENT_TEAM = S697U39PCM;
				INFOPLIST_FILE = "PATRICIAAMANDA-A4-FinalApplication/Info.plist";
				LD_RUNPATH_SEARCH_PATHS = (
					"$(inherited)",
					"@executable_path/Frameworks",
				);
				PRODUCT_BUNDLE_IDENTIFIER = "edu.monash.PATRICIAAMANDA-A4-FinalApplication";
				PRODUCT_NAME = "$(TARGET_NAME)";
				SWIFT_VERSION = 5.0;
				TARGETED_DEVICE_FAMILY = "1,2";
			};
			name = Debug;
		};
		7ADF799C263055F2009468B9 /* Release */ = {
			isa = XCBuildConfiguration;
			buildSettings = {
				ASSETCATALOG_COMPILER_APPICON_NAME = AppIcon;
				ASSETCATALOG_COMPILER_GLOBAL_ACCENT_COLOR_NAME = AccentColor;
				CODE_SIGN_STYLE = Automatic;
				DEVELOPMENT_TEAM = S697U39PCM;
				INFOPLIST_FILE = "PATRICIAAMANDA-A4-FinalApplication/Info.plist";
				LD_RUNPATH_SEARCH_PATHS = (
					"$(inherited)",
					"@executable_path/Frameworks",
				);
				PRODUCT_BUNDLE_IDENTIFIER = "edu.monash.PATRICIAAMANDA-A4-FinalApplication";
				PRODUCT_NAME = "$(TARGET_NAME)";
				SWIFT_VERSION = 5.0;
				TARGETED_DEVICE_FAMILY = "1,2";
			};
			name = Release;
		};
/* End XCBuildConfiguration section */

/* Begin XCConfigurationList section */
		7ADF797E263055F1009468B9 /* Build configuration list for PBXProject "PATRICIAAMANDA-A4-FinalApplication" */ = {
			isa = XCConfigurationList;
			buildConfigurations = (
				7ADF7998263055F2009468B9 /* Debug */,
				7ADF7999263055F2009468B9 /* Release */,
			);
			defaultConfigurationIsVisible = 0;
			defaultConfigurationName = Release;
		};
		7ADF799A263055F2009468B9 /* Build configuration list for PBXNativeTarget "PATRICIAAMANDA-A4-FinalApplication" */ = {
			isa = XCConfigurationList;
			buildConfigurations = (
				7ADF799B263055F2009468B9 /* Debug */,
				7ADF799C263055F2009468B9 /* Release */,
			);
			defaultConfigurationIsVisible = 0;
			defaultConfigurationName = Release;
		};
/* End XCConfigurationList section */

/* Begin XCVersionGroup section */
		7A14C68E2632422D000EFC9A /* A4-DataModel.xcdatamodeld */ = {
			isa = XCVersionGroup;
			children = (
				7A14C68F2632422D000EFC9A /* A4-DataModel.xcdatamodel */,
			);
			currentVersion = 7A14C68F2632422D000EFC9A /* A4-DataModel.xcdatamodel */;
			path = "A4-DataModel.xcdatamodeld";
			sourceTree = "<group>";
			versionGroupType = wrapper.xcdatamodel;
		};
		7ADF798F263055F1009468B9 /* PATRICIAAMANDA_A4_FinalApplication.xcdatamodeld */ = {
			isa = XCVersionGroup;
			children = (
				7ADF7990263055F1009468B9 /* PATRICIAAMANDA_A4_FinalApplication.xcdatamodel */,
			);
			currentVersion = 7ADF7990263055F1009468B9 /* PATRICIAAMANDA_A4_FinalApplication.xcdatamodel */;
			path = PATRICIAAMANDA_A4_FinalApplication.xcdatamodeld;
			sourceTree = "<group>";
			versionGroupType = wrapper.xcdatamodel;
		};
/* End XCVersionGroup section */
	};
	rootObject = 7ADF797B263055F1009468B9 /* Project object */;
}
